// !$*UTF8*$!
{
	archiveVersion = 1;
	classes = {
	};
	objectVersion = 46;
	objects = {

/* Begin PBXBuildFile section */
		A01D2E9A1BDDDB39004286A9 /* AppDelegate.swift in Sources */ = {isa = PBXBuildFile; fileRef = A01D2E991BDDDB39004286A9 /* AppDelegate.swift */; };
		A01D2EA11BDDDB39004286A9 /* Assets.xcassets in Resources */ = {isa = PBXBuildFile; fileRef = A01D2EA01BDDDB39004286A9 /* Assets.xcassets */; };
		A01D2EA41BDDDB39004286A9 /* LaunchScreen.storyboard in Resources */ = {isa = PBXBuildFile; fileRef = A01D2EA21BDDDB39004286A9 /* LaunchScreen.storyboard */; };
		A01D2EAC1BDDDBDE004286A9 /* CrystalCollectionViewController.swift in Sources */ = {isa = PBXBuildFile; fileRef = A01D2EAB1BDDDBDE004286A9 /* CrystalCollectionViewController.swift */; };
		A01D2EAE1BDDDC47004286A9 /* Crystal.swift in Sources */ = {isa = PBXBuildFile; fileRef = A01D2EAD1BDDDC47004286A9 /* Crystal.swift */; };
		A01D2EB01BDDDE61004286A9 /* CrystalCellViewModel.swift in Sources */ = {isa = PBXBuildFile; fileRef = A01D2EAF1BDDDE61004286A9 /* CrystalCellViewModel.swift */; };
		A01D2EB41BDDDFE2004286A9 /* CrystalCollectionViewCell.swift in Sources */ = {isa = PBXBuildFile; fileRef = A01D2EB31BDDDFE2004286A9 /* CrystalCollectionViewCell.swift */; };
		A02D79571C155CA1007F6A17 /* Stripe.framework in Frameworks */ = {isa = PBXBuildFile; fileRef = A02D79561C155CA1007F6A17 /* Stripe.framework */; };
		A02D79581C155CA1007F6A17 /* Stripe.framework in Embed Frameworks */ = {isa = PBXBuildFile; fileRef = A02D79561C155CA1007F6A17 /* Stripe.framework */; settings = {ATTRIBUTES = (CodeSignOnCopy, RemoveHeadersOnCopy, ); }; };
		A03757C01C14A946002E3620 /* Dwifft.framework in Frameworks */ = {isa = PBXBuildFile; fileRef = A03757BF1C14A946002E3620 /* Dwifft.framework */; };
		A03757C11C14A946002E3620 /* Dwifft.framework in Embed Frameworks */ = {isa = PBXBuildFile; fileRef = A03757BF1C14A946002E3620 /* Dwifft.framework */; settings = {ATTRIBUTES = (CodeSignOnCopy, RemoveHeadersOnCopy, ); }; };
		A03757C31C14B60C002E3620 /* Bond.framework in Frameworks */ = {isa = PBXBuildFile; fileRef = A03757C21C14B60C002E3620 /* Bond.framework */; };
		A03757C41C14B60C002E3620 /* Bond.framework in Embed Frameworks */ = {isa = PBXBuildFile; fileRef = A03757C21C14B60C002E3620 /* Bond.framework */; settings = {ATTRIBUTES = (CodeSignOnCopy, RemoveHeadersOnCopy, ); }; };
		A03757CA1C151D68002E3620 /* CategoryTableViewController.swift in Sources */ = {isa = PBXBuildFile; fileRef = A03757C91C151D68002E3620 /* CategoryTableViewController.swift */; };
		A0D4085B1BDF3A4500CEEBDB /* CrystalFlowLayout.swift in Sources */ = {isa = PBXBuildFile; fileRef = A0D4085A1BDF3A4500CEEBDB /* CrystalFlowLayout.swift */; };
		A0D4085F1C02873100CEEBDB /* CrystalDetailViewController.swift in Sources */ = {isa = PBXBuildFile; fileRef = A0D4085E1C02873100CEEBDB /* CrystalDetailViewController.swift */; };
		A0D408651C02B1CC00CEEBDB /* BrightFutures.framework in Frameworks */ = {isa = PBXBuildFile; fileRef = A0D408611C02B1C100CEEBDB /* BrightFutures.framework */; };
		A0D408661C02B1CC00CEEBDB /* BrightFutures.framework in Embed Frameworks */ = {isa = PBXBuildFile; fileRef = A0D408611C02B1C100CEEBDB /* BrightFutures.framework */; settings = {ATTRIBUTES = (CodeSignOnCopy, RemoveHeadersOnCopy, ); }; };
		A0D408671C02B1CC00CEEBDB /* Result.framework in Frameworks */ = {isa = PBXBuildFile; fileRef = A0D408621C02B1C100CEEBDB /* Result.framework */; };
		A0D408681C02B1CC00CEEBDB /* Result.framework in Embed Frameworks */ = {isa = PBXBuildFile; fileRef = A0D408621C02B1C100CEEBDB /* Result.framework */; settings = {ATTRIBUTES = (CodeSignOnCopy, RemoveHeadersOnCopy, ); }; };
		A0D4086C1C02B32C00CEEBDB /* Alamofire.framework in Frameworks */ = {isa = PBXBuildFile; fileRef = A0D4086A1C02B32400CEEBDB /* Alamofire.framework */; };
		A0D4086D1C02B32C00CEEBDB /* Alamofire.framework in Embed Frameworks */ = {isa = PBXBuildFile; fileRef = A0D4086A1C02B32400CEEBDB /* Alamofire.framework */; settings = {ATTRIBUTES = (CodeSignOnCopy, RemoveHeadersOnCopy, ); }; };
		A0D4086F1C02EBA200CEEBDB /* Crystal+Deserialization.swift in Sources */ = {isa = PBXBuildFile; fileRef = A0D4086E1C02EBA200CEEBDB /* Crystal+Deserialization.swift */; };
		A0D408711C02ECA900CEEBDB /* ResponseCollectionSerializable.swift in Sources */ = {isa = PBXBuildFile; fileRef = A0D408701C02ECA900CEEBDB /* ResponseCollectionSerializable.swift */; };
		A0D408741C02F6DD00CEEBDB /* AlamofireImage.framework in Frameworks */ = {isa = PBXBuildFile; fileRef = A0D408721C02F6D500CEEBDB /* AlamofireImage.framework */; };
		A0D408751C02F6DD00CEEBDB /* AlamofireImage.framework in Embed Frameworks */ = {isa = PBXBuildFile; fileRef = A0D408721C02F6D500CEEBDB /* AlamofireImage.framework */; settings = {ATTRIBUTES = (CodeSignOnCopy, RemoveHeadersOnCopy, ); }; };
		A0D4087A1C042FE800CEEBDB /* HockeySDK.framework in Frameworks */ = {isa = PBXBuildFile; fileRef = A0D408781C042E5D00CEEBDB /* HockeySDK.framework */; };
		A0D4087B1C042FE800CEEBDB /* HockeySDK.framework in Embed Frameworks */ = {isa = PBXBuildFile; fileRef = A0D408781C042E5D00CEEBDB /* HockeySDK.framework */; settings = {ATTRIBUTES = (CodeSignOnCopy, RemoveHeadersOnCopy, ); }; };
		A0F1AB7A1C129FF0005AAAEC /* Iris.framework in Frameworks */ = {isa = PBXBuildFile; fileRef = A0F1AB671C12955B005AAAEC /* Iris.framework */; };
		A0F1AB7B1C129FF0005AAAEC /* Iris.framework in Embed Frameworks */ = {isa = PBXBuildFile; fileRef = A0F1AB671C12955B005AAAEC /* Iris.framework */; settings = {ATTRIBUTES = (CodeSignOnCopy, RemoveHeadersOnCopy, ); }; };
		A0F1AB7D1C12A8E6005AAAEC /* CrystalDetailViewModel.swift in Sources */ = {isa = PBXBuildFile; fileRef = A0F1AB7C1C12A8E6005AAAEC /* CrystalDetailViewModel.swift */; };
		A0FB7E231BDDF5DC00113C46 /* CrystalStore.swift in Sources */ = {isa = PBXBuildFile; fileRef = A0FB7E221BDDF5DC00113C46 /* CrystalStore.swift */; };
/* End PBXBuildFile section */

/* Begin PBXCopyFilesBuildPhase section */
		A0D408691C02B1CC00CEEBDB /* Embed Frameworks */ = {
			isa = PBXCopyFilesBuildPhase;
			buildActionMask = 2147483647;
			dstPath = "";
			dstSubfolderSpec = 10;
			files = (
				A0D408661C02B1CC00CEEBDB /* BrightFutures.framework in Embed Frameworks */,
				A0F1AB7B1C129FF0005AAAEC /* Iris.framework in Embed Frameworks */,
				A0D4086D1C02B32C00CEEBDB /* Alamofire.framework in Embed Frameworks */,
				A03757C11C14A946002E3620 /* Dwifft.framework in Embed Frameworks */,
				A0D408681C02B1CC00CEEBDB /* Result.framework in Embed Frameworks */,
				A03757C41C14B60C002E3620 /* Bond.framework in Embed Frameworks */,
				A0D4087B1C042FE800CEEBDB /* HockeySDK.framework in Embed Frameworks */,
				A0D408751C02F6DD00CEEBDB /* AlamofireImage.framework in Embed Frameworks */,
				A02D79581C155CA1007F6A17 /* Stripe.framework in Embed Frameworks */,
			);
			name = "Embed Frameworks";
			runOnlyForDeploymentPostprocessing = 0;
		};
/* End PBXCopyFilesBuildPhase section */

/* Begin PBXFileReference section */
		A01D2E961BDDDB39004286A9 /* Stone.app */ = {isa = PBXFileReference; explicitFileType = wrapper.application; includeInIndex = 0; path = Stone.app; sourceTree = BUILT_PRODUCTS_DIR; };
		A01D2E991BDDDB39004286A9 /* AppDelegate.swift */ = {isa = PBXFileReference; lastKnownFileType = sourcecode.swift; path = AppDelegate.swift; sourceTree = "<group>"; };
		A01D2EA01BDDDB39004286A9 /* Assets.xcassets */ = {isa = PBXFileReference; lastKnownFileType = folder.assetcatalog; path = Assets.xcassets; sourceTree = "<group>"; };
		A01D2EA31BDDDB39004286A9 /* Base */ = {isa = PBXFileReference; lastKnownFileType = file.storyboard; name = Base; path = Base.lproj/LaunchScreen.storyboard; sourceTree = "<group>"; };
		A01D2EA51BDDDB39004286A9 /* Info.plist */ = {isa = PBXFileReference; lastKnownFileType = text.plist.xml; path = Info.plist; sourceTree = "<group>"; };
		A01D2EAB1BDDDBDE004286A9 /* CrystalCollectionViewController.swift */ = {isa = PBXFileReference; fileEncoding = 4; lastKnownFileType = sourcecode.swift; path = CrystalCollectionViewController.swift; sourceTree = "<group>"; };
		A01D2EAD1BDDDC47004286A9 /* Crystal.swift */ = {isa = PBXFileReference; fileEncoding = 4; lastKnownFileType = sourcecode.swift; path = Crystal.swift; sourceTree = "<group>"; };
		A01D2EAF1BDDDE61004286A9 /* CrystalCellViewModel.swift */ = {isa = PBXFileReference; fileEncoding = 4; lastKnownFileType = sourcecode.swift; path = CrystalCellViewModel.swift; sourceTree = "<group>"; };
		A01D2EB31BDDDFE2004286A9 /* CrystalCollectionViewCell.swift */ = {isa = PBXFileReference; fileEncoding = 4; lastKnownFileType = sourcecode.swift; path = CrystalCollectionViewCell.swift; sourceTree = "<group>"; };
		A02D79561C155CA1007F6A17 /* Stripe.framework */ = {isa = PBXFileReference; lastKnownFileType = wrapper.framework; name = Stripe.framework; path = Carthage/Build/iOS/Stripe.framework; sourceTree = "<group>"; };
		A03757BF1C14A946002E3620 /* Dwifft.framework */ = {isa = PBXFileReference; lastKnownFileType = wrapper.framework; name = Dwifft.framework; path = Carthage/Build/iOS/Dwifft.framework; sourceTree = "<group>"; };
		A03757C21C14B60C002E3620 /* Bond.framework */ = {isa = PBXFileReference; lastKnownFileType = wrapper.framework; name = Bond.framework; path = Carthage/Build/iOS/Bond.framework; sourceTree = "<group>"; };
		A03757C91C151D68002E3620 /* CategoryTableViewController.swift */ = {isa = PBXFileReference; fileEncoding = 4; lastKnownFileType = sourcecode.swift; path = CategoryTableViewController.swift; sourceTree = "<group>"; };
		A0D4085A1BDF3A4500CEEBDB /* CrystalFlowLayout.swift */ = {isa = PBXFileReference; fileEncoding = 4; lastKnownFileType = sourcecode.swift; path = CrystalFlowLayout.swift; sourceTree = "<group>"; };
		A0D4085E1C02873100CEEBDB /* CrystalDetailViewController.swift */ = {isa = PBXFileReference; fileEncoding = 4; lastKnownFileType = sourcecode.swift; path = CrystalDetailViewController.swift; sourceTree = "<group>"; };
		A0D408611C02B1C100CEEBDB /* BrightFutures.framework */ = {isa = PBXFileReference; lastKnownFileType = wrapper.framework; name = BrightFutures.framework; path = Carthage/Build/iOS/BrightFutures.framework; sourceTree = "<group>"; };
		A0D408621C02B1C100CEEBDB /* Result.framework */ = {isa = PBXFileReference; lastKnownFileType = wrapper.framework; name = Result.framework; path = Carthage/Build/iOS/Result.framework; sourceTree = "<group>"; };
		A0D4086A1C02B32400CEEBDB /* Alamofire.framework */ = {isa = PBXFileReference; lastKnownFileType = wrapper.framework; name = Alamofire.framework; path = Carthage/Build/iOS/Alamofire.framework; sourceTree = "<group>"; };
		A0D4086E1C02EBA200CEEBDB /* Crystal+Deserialization.swift */ = {isa = PBXFileReference; fileEncoding = 4; lastKnownFileType = sourcecode.swift; path = "Crystal+Deserialization.swift"; sourceTree = "<group>"; };
		A0D408701C02ECA900CEEBDB /* ResponseCollectionSerializable.swift */ = {isa = PBXFileReference; fileEncoding = 4; lastKnownFileType = sourcecode.swift; path = ResponseCollectionSerializable.swift; sourceTree = "<group>"; };
		A0D408721C02F6D500CEEBDB /* AlamofireImage.framework */ = {isa = PBXFileReference; lastKnownFileType = wrapper.framework; name = AlamofireImage.framework; path = Carthage/Build/iOS/AlamofireImage.framework; sourceTree = "<group>"; };
		A0D408781C042E5D00CEEBDB /* HockeySDK.framework */ = {isa = PBXFileReference; lastKnownFileType = wrapper.framework; name = HockeySDK.framework; path = Carthage/Build/iOS/HockeySDK.framework; sourceTree = "<group>"; };
		A0F1AB671C12955B005AAAEC /* Iris.framework */ = {isa = PBXFileReference; lastKnownFileType = wrapper.framework; name = Iris.framework; path = Carthage/Build/iOS/Iris.framework; sourceTree = "<group>"; };
		A0F1AB6A1C12969B005AAAEC /* Project-Beta.xcconfig */ = {isa = PBXFileReference; fileEncoding = 4; lastKnownFileType = text.xcconfig; path = "Project-Beta.xcconfig"; sourceTree = "<group>"; };
		A0F1AB6B1C12969B005AAAEC /* Project-Debug.xcconfig */ = {isa = PBXFileReference; fileEncoding = 4; lastKnownFileType = text.xcconfig; path = "Project-Debug.xcconfig"; sourceTree = "<group>"; };
		A0F1AB6C1C12969B005AAAEC /* Project-Release.xcconfig */ = {isa = PBXFileReference; fileEncoding = 4; lastKnownFileType = text.xcconfig; path = "Project-Release.xcconfig"; sourceTree = "<group>"; };
		A0F1AB6D1C12969B005AAAEC /* Project-Shared.xcconfig */ = {isa = PBXFileReference; fileEncoding = 4; lastKnownFileType = text.xcconfig; path = "Project-Shared.xcconfig"; sourceTree = "<group>"; };
		A0F1AB6E1C12969B005AAAEC /* Stone-Beta.xcconfig */ = {isa = PBXFileReference; fileEncoding = 4; lastKnownFileType = text.xcconfig; path = "Stone-Beta.xcconfig"; sourceTree = "<group>"; };
		A0F1AB6F1C12969B005AAAEC /* Stone-Debug.xcconfig */ = {isa = PBXFileReference; fileEncoding = 4; lastKnownFileType = text.xcconfig; path = "Stone-Debug.xcconfig"; sourceTree = "<group>"; };
		A0F1AB701C12969B005AAAEC /* Stone-Release.xcconfig */ = {isa = PBXFileReference; fileEncoding = 4; lastKnownFileType = text.xcconfig; path = "Stone-Release.xcconfig"; sourceTree = "<group>"; };
		A0F1AB711C12969B005AAAEC /* Stone-Shared.xcconfig */ = {isa = PBXFileReference; fileEncoding = 4; lastKnownFileType = text.xcconfig; path = "Stone-Shared.xcconfig"; sourceTree = "<group>"; };
		A0F1AB7C1C12A8E6005AAAEC /* CrystalDetailViewModel.swift */ = {isa = PBXFileReference; fileEncoding = 4; lastKnownFileType = sourcecode.swift; path = CrystalDetailViewModel.swift; sourceTree = "<group>"; };
		A0FB7E221BDDF5DC00113C46 /* CrystalStore.swift */ = {isa = PBXFileReference; fileEncoding = 4; lastKnownFileType = sourcecode.swift; path = CrystalStore.swift; sourceTree = "<group>"; };
/* End PBXFileReference section */

/* Begin PBXFrameworksBuildPhase section */
		A01D2E931BDDDB39004286A9 /* Frameworks */ = {
			isa = PBXFrameworksBuildPhase;
			buildActionMask = 2147483647;
			files = (
				A0D408651C02B1CC00CEEBDB /* BrightFutures.framework in Frameworks */,
				A0F1AB7A1C129FF0005AAAEC /* Iris.framework in Frameworks */,
				A0D4086C1C02B32C00CEEBDB /* Alamofire.framework in Frameworks */,
				A03757C01C14A946002E3620 /* Dwifft.framework in Frameworks */,
				A0D408671C02B1CC00CEEBDB /* Result.framework in Frameworks */,
				A03757C31C14B60C002E3620 /* Bond.framework in Frameworks */,
				A0D4087A1C042FE800CEEBDB /* HockeySDK.framework in Frameworks */,
				A0D408741C02F6DD00CEEBDB /* AlamofireImage.framework in Frameworks */,
				A02D79571C155CA1007F6A17 /* Stripe.framework in Frameworks */,
			);
			runOnlyForDeploymentPostprocessing = 0;
		};
/* End PBXFrameworksBuildPhase section */

/* Begin PBXGroup section */
		A01D2E8D1BDDDB39004286A9 = {
			isa = PBXGroup;
			children = (
				A01D2E981BDDDB39004286A9 /* Stone */,
				A01D2E971BDDDB39004286A9 /* Products */,
			);
			sourceTree = "<group>";
		};
		A01D2E971BDDDB39004286A9 /* Products */ = {
			isa = PBXGroup;
			children = (
				A01D2E961BDDDB39004286A9 /* Stone.app */,
			);
			name = Products;
			sourceTree = "<group>";
		};
		A01D2E981BDDDB39004286A9 /* Stone */ = {
			isa = PBXGroup;
			children = (
				A0D408601C02B1A700CEEBDB /* Frameworks */,
				A01D2E991BDDDB39004286A9 /* AppDelegate.swift */,
				A01D2EAD1BDDDC47004286A9 /* Crystal.swift */,
				A0D408701C02ECA900CEEBDB /* ResponseCollectionSerializable.swift */,
				A0D4086E1C02EBA200CEEBDB /* Crystal+Deserialization.swift */,
				A01D2EAF1BDDDE61004286A9 /* CrystalCellViewModel.swift */,
				A0F1AB7C1C12A8E6005AAAEC /* CrystalDetailViewModel.swift */,
				A01D2EB31BDDDFE2004286A9 /* CrystalCollectionViewCell.swift */,
				A01D2EAB1BDDDBDE004286A9 /* CrystalCollectionViewController.swift */,
				A0D4085A1BDF3A4500CEEBDB /* CrystalFlowLayout.swift */,
				A0FB7E221BDDF5DC00113C46 /* CrystalStore.swift */,
				A0D4085E1C02873100CEEBDB /* CrystalDetailViewController.swift */,
				A03757C91C151D68002E3620 /* CategoryTableViewController.swift */,
				A01D2EA01BDDDB39004286A9 /* Assets.xcassets */,
				A01D2EA21BDDDB39004286A9 /* LaunchScreen.storyboard */,
				A01D2EA51BDDDB39004286A9 /* Info.plist */,
				A0F1AB691C12969B005AAAEC /* xcconfigs */,
			);
			path = Stone;
			sourceTree = "<group>";
		};
		A0D408601C02B1A700CEEBDB /* Frameworks */ = {
			isa = PBXGroup;
			children = (
				A0D4086A1C02B32400CEEBDB /* Alamofire.framework */,
				A0D408721C02F6D500CEEBDB /* AlamofireImage.framework */,
				A03757C21C14B60C002E3620 /* Bond.framework */,
				A0D408611C02B1C100CEEBDB /* BrightFutures.framework */,
				A03757BF1C14A946002E3620 /* Dwifft.framework */,
				A0D408781C042E5D00CEEBDB /* HockeySDK.framework */,
				A0F1AB671C12955B005AAAEC /* Iris.framework */,
				A0D408621C02B1C100CEEBDB /* Result.framework */,
				A02D79561C155CA1007F6A17 /* Stripe.framework */,
			);
			name = Frameworks;
			path = ..;
			sourceTree = "<group>";
		};
		A0F1AB691C12969B005AAAEC /* xcconfigs */ = {
			isa = PBXGroup;
			children = (
				A0F1AB6A1C12969B005AAAEC /* Project-Beta.xcconfig */,
				A0F1AB6B1C12969B005AAAEC /* Project-Debug.xcconfig */,
				A0F1AB6C1C12969B005AAAEC /* Project-Release.xcconfig */,
				A0F1AB6D1C12969B005AAAEC /* Project-Shared.xcconfig */,
				A0F1AB6E1C12969B005AAAEC /* Stone-Beta.xcconfig */,
				A0F1AB6F1C12969B005AAAEC /* Stone-Debug.xcconfig */,
				A0F1AB701C12969B005AAAEC /* Stone-Release.xcconfig */,
				A0F1AB711C12969B005AAAEC /* Stone-Shared.xcconfig */,
			);
			path = xcconfigs;
			sourceTree = "<group>";
		};
/* End PBXGroup section */

/* Begin PBXNativeTarget section */
		A01D2E951BDDDB39004286A9 /* Stone */ = {
			isa = PBXNativeTarget;
			buildConfigurationList = A01D2EA81BDDDB39004286A9 /* Build configuration list for PBXNativeTarget "Stone" */;
			buildPhases = (
				A01D2E921BDDDB39004286A9 /* Sources */,
				A01D2E931BDDDB39004286A9 /* Frameworks */,
				A01D2E941BDDDB39004286A9 /* Resources */,
				A0D408691C02B1CC00CEEBDB /* Embed Frameworks */,
			);
			buildRules = (
			);
			dependencies = (
			);
			name = Stone;
			productName = Stone;
			productReference = A01D2E961BDDDB39004286A9 /* Stone.app */;
			productType = "com.apple.product-type.application";
		};
/* End PBXNativeTarget section */

/* Begin PBXProject section */
		A01D2E8E1BDDDB39004286A9 /* Project object */ = {
			isa = PBXProject;
			attributes = {
				LastUpgradeCheck = 0710;
				ORGANIZATIONNAME = Stone;
				TargetAttributes = {
					A01D2E951BDDDB39004286A9 = {
						CreatedOnToolsVersion = 7.0.1;
					};
				};
			};
			buildConfigurationList = A01D2E911BDDDB39004286A9 /* Build configuration list for PBXProject "Stone" */;
			compatibilityVersion = "Xcode 3.2";
			developmentRegion = English;
			hasScannedForEncodings = 0;
			knownRegions = (
				en,
				Base,
			);
			mainGroup = A01D2E8D1BDDDB39004286A9;
			productRefGroup = A01D2E971BDDDB39004286A9 /* Products */;
			projectDirPath = "";
			projectRoot = "";
			targets = (
				A01D2E951BDDDB39004286A9 /* Stone */,
			);
		};
/* End PBXProject section */

/* Begin PBXResourcesBuildPhase section */
		A01D2E941BDDDB39004286A9 /* Resources */ = {
			isa = PBXResourcesBuildPhase;
			buildActionMask = 2147483647;
			files = (
				A01D2EA41BDDDB39004286A9 /* LaunchScreen.storyboard in Resources */,
				A01D2EA11BDDDB39004286A9 /* Assets.xcassets in Resources */,
			);
			runOnlyForDeploymentPostprocessing = 0;
		};
/* End PBXResourcesBuildPhase section */

/* Begin PBXSourcesBuildPhase section */
		A01D2E921BDDDB39004286A9 /* Sources */ = {
			isa = PBXSourcesBuildPhase;
			buildActionMask = 2147483647;
			files = (
				A0D4085F1C02873100CEEBDB /* CrystalDetailViewController.swift in Sources */,
				A01D2E9A1BDDDB39004286A9 /* AppDelegate.swift in Sources */,
				A01D2EAC1BDDDBDE004286A9 /* CrystalCollectionViewController.swift in Sources */,
				A0D4085B1BDF3A4500CEEBDB /* CrystalFlowLayout.swift in Sources */,
				A0D4086F1C02EBA200CEEBDB /* Crystal+Deserialization.swift in Sources */,
				A01D2EAE1BDDDC47004286A9 /* Crystal.swift in Sources */,
				A01D2EB01BDDDE61004286A9 /* CrystalCellViewModel.swift in Sources */,
				A0D408711C02ECA900CEEBDB /* ResponseCollectionSerializable.swift in Sources */,
				A0F1AB7D1C12A8E6005AAAEC /* CrystalDetailViewModel.swift in Sources */,
				A0FB7E231BDDF5DC00113C46 /* CrystalStore.swift in Sources */,
				A01D2EB41BDDDFE2004286A9 /* CrystalCollectionViewCell.swift in Sources */,
				A03757CA1C151D68002E3620 /* CategoryTableViewController.swift in Sources */,
			);
			runOnlyForDeploymentPostprocessing = 0;
		};
/* End PBXSourcesBuildPhase section */

/* Begin PBXVariantGroup section */
		A01D2EA21BDDDB39004286A9 /* LaunchScreen.storyboard */ = {
			isa = PBXVariantGroup;
			children = (
				A01D2EA31BDDDB39004286A9 /* Base */,
			);
			name = LaunchScreen.storyboard;
			sourceTree = "<group>";
		};
/* End PBXVariantGroup section */

/* Begin XCBuildConfiguration section */
		A01D2EA61BDDDB39004286A9 /* Debug */ = {
			isa = XCBuildConfiguration;
			baseConfigurationReference = A0F1AB6B1C12969B005AAAEC /* Project-Debug.xcconfig */;
			buildSettings = {
				ALWAYS_SEARCH_USER_PATHS = NO;
				CLANG_CXX_LANGUAGE_STANDARD = "gnu++0x";
				CLANG_CXX_LIBRARY = "libc++";
				CLANG_ENABLE_MODULES = YES;
				CLANG_ENABLE_OBJC_ARC = YES;
				CLANG_WARN_BOOL_CONVERSION = YES;
				CLANG_WARN_CONSTANT_CONVERSION = YES;
				CLANG_WARN_DIRECT_OBJC_ISA_USAGE = YES_ERROR;
				CLANG_WARN_EMPTY_BODY = YES;
				CLANG_WARN_ENUM_CONVERSION = YES;
				CLANG_WARN_INT_CONVERSION = YES;
				CLANG_WARN_OBJC_ROOT_CLASS = YES_ERROR;
				CLANG_WARN_UNREACHABLE_CODE = YES;
				CLANG_WARN__DUPLICATE_METHOD_MATCH = YES;
				"CODE_SIGN_IDENTITY[sdk=iphoneos*]" = "iPhone Developer";
				COPY_PHASE_STRIP = NO;
				DEBUG_INFORMATION_FORMAT = dwarf;
				ENABLE_STRICT_OBJC_MSGSEND = YES;
				ENABLE_TESTABILITY = YES;
				GCC_C_LANGUAGE_STANDARD = gnu99;
				GCC_DYNAMIC_NO_PIC = NO;
				GCC_NO_COMMON_BLOCKS = YES;
				GCC_OPTIMIZATION_LEVEL = 0;
				GCC_PREPROCESSOR_DEFINITIONS = (
					"DEBUG=1",
					"$(inherited)",
				);
				GCC_WARN_64_TO_32_BIT_CONVERSION = YES;
				GCC_WARN_ABOUT_RETURN_TYPE = YES_ERROR;
				GCC_WARN_UNDECLARED_SELECTOR = YES;
				GCC_WARN_UNINITIALIZED_AUTOS = YES_AGGRESSIVE;
				GCC_WARN_UNUSED_FUNCTION = YES;
				GCC_WARN_UNUSED_VARIABLE = YES;
				IPHONEOS_DEPLOYMENT_TARGET = 9.0;
				MTL_ENABLE_DEBUG_INFO = YES;
				ONLY_ACTIVE_ARCH = YES;
				SDKROOT = iphoneos;
				SWIFT_OPTIMIZATION_LEVEL = "-Onone";
			};
			name = Debug;
		};
		A01D2EA71BDDDB39004286A9 /* Release */ = {
			isa = XCBuildConfiguration;
			baseConfigurationReference = A0F1AB6C1C12969B005AAAEC /* Project-Release.xcconfig */;
			buildSettings = {
				ALWAYS_SEARCH_USER_PATHS = NO;
				CLANG_CXX_LANGUAGE_STANDARD = "gnu++0x";
				CLANG_CXX_LIBRARY = "libc++";
				CLANG_ENABLE_MODULES = YES;
				CLANG_ENABLE_OBJC_ARC = YES;
				CLANG_WARN_BOOL_CONVERSION = YES;
				CLANG_WARN_CONSTANT_CONVERSION = YES;
				CLANG_WARN_DIRECT_OBJC_ISA_USAGE = YES_ERROR;
				CLANG_WARN_EMPTY_BODY = YES;
				CLANG_WARN_ENUM_CONVERSION = YES;
				CLANG_WARN_INT_CONVERSION = YES;
				CLANG_WARN_OBJC_ROOT_CLASS = YES_ERROR;
				CLANG_WARN_UNREACHABLE_CODE = YES;
				CLANG_WARN__DUPLICATE_METHOD_MATCH = YES;
				"CODE_SIGN_IDENTITY[sdk=iphoneos*]" = "iPhone Developer";
				COPY_PHASE_STRIP = NO;
				DEBUG_INFORMATION_FORMAT = "dwarf-with-dsym";
				ENABLE_NS_ASSERTIONS = NO;
				ENABLE_STRICT_OBJC_MSGSEND = YES;
				GCC_C_LANGUAGE_STANDARD = gnu99;
				GCC_NO_COMMON_BLOCKS = YES;
				GCC_WARN_64_TO_32_BIT_CONVERSION = YES;
				GCC_WARN_ABOUT_RETURN_TYPE = YES_ERROR;
				GCC_WARN_UNDECLARED_SELECTOR = YES;
				GCC_WARN_UNINITIALIZED_AUTOS = YES_AGGRESSIVE;
				GCC_WARN_UNUSED_FUNCTION = YES;
				GCC_WARN_UNUSED_VARIABLE = YES;
				IPHONEOS_DEPLOYMENT_TARGET = 9.0;
				MTL_ENABLE_DEBUG_INFO = NO;
				SDKROOT = iphoneos;
				VALIDATE_PRODUCT = YES;
			};
			name = Release;
		};
		A01D2EA91BDDDB39004286A9 /* Debug */ = {
			isa = XCBuildConfiguration;
			baseConfigurationReference = A0F1AB6F1C12969B005AAAEC /* Stone-Debug.xcconfig */;
			buildSettings = {
				ASSETCATALOG_COMPILER_APPICON_NAME = AppIcon;
				FRAMEWORK_SEARCH_PATHS = (
					"$(inherited)",
					"$(PROJECT_DIR)/Carthage/Build/iOS",
				);
				INFOPLIST_FILE = Stone/Info.plist;
				LD_RUNPATH_SEARCH_PATHS = "$(inherited) @executable_path/Frameworks";
				PRODUCT_NAME = "$(TARGET_NAME)";
			};
			name = Debug;
		};
		A01D2EAA1BDDDB39004286A9 /* Release */ = {
			isa = XCBuildConfiguration;
			baseConfigurationReference = A0F1AB701C12969B005AAAEC /* Stone-Release.xcconfig */;
			buildSettings = {
				ASSETCATALOG_COMPILER_APPICON_NAME = AppIcon;
				FRAMEWORK_SEARCH_PATHS = (
					"$(inherited)",
					"$(PROJECT_DIR)/Carthage/Build/iOS",
				);
				INFOPLIST_FILE = Stone/Info.plist;
				LD_RUNPATH_SEARCH_PATHS = "$(inherited) @executable_path/Frameworks";
				PRODUCT_NAME = "$(TARGET_NAME)";
			};
			name = Release;
		};
		A0F1AB651C12931C005AAAEC /* Beta */ = {
			isa = XCBuildConfiguration;
			baseConfigurationReference = A0F1AB6A1C12969B005AAAEC /* Project-Beta.xcconfig */;
			buildSettings = {
				ALWAYS_SEARCH_USER_PATHS = NO;
				CLANG_CXX_LANGUAGE_STANDARD = "gnu++0x";
				CLANG_CXX_LIBRARY = "libc++";
				CLANG_ENABLE_MODULES = YES;
				CLANG_ENABLE_OBJC_ARC = YES;
				CLANG_WARN_BOOL_CONVERSION = YES;
				CLANG_WARN_CONSTANT_CONVERSION = YES;
				CLANG_WARN_DIRECT_OBJC_ISA_USAGE = YES_ERROR;
				CLANG_WARN_EMPTY_BODY = YES;
				CLANG_WARN_ENUM_CONVERSION = YES;
				CLANG_WARN_INT_CONVERSION = YES;
				CLANG_WARN_OBJC_ROOT_CLASS = YES_ERROR;
				CLANG_WARN_UNREACHABLE_CODE = YES;
				CLANG_WARN__DUPLICATE_METHOD_MATCH = YES;
				"CODE_SIGN_IDENTITY[sdk=iphoneos*]" = "iPhone Developer";
				COPY_PHASE_STRIP = NO;
				DEBUG_INFORMATION_FORMAT = dwarf;
				ENABLE_STRICT_OBJC_MSGSEND = YES;
				ENABLE_TESTABILITY = YES;
				GCC_C_LANGUAGE_STANDARD = gnu99;
				GCC_DYNAMIC_NO_PIC = NO;
				GCC_NO_COMMON_BLOCKS = YES;
				GCC_OPTIMIZATION_LEVEL = 0;
				GCC_PREPROCESSOR_DEFINITIONS = (
					"DEBUG=1",
					"$(inherited)",
				);
				GCC_WARN_64_TO_32_BIT_CONVERSION = YES;
				GCC_WARN_ABOUT_RETURN_TYPE = YES_ERROR;
				GCC_WARN_UNDECLARED_SELECTOR = YES;
				GCC_WARN_UNINITIALIZED_AUTOS = YES_AGGRESSIVE;
				GCC_WARN_UNUSED_FUNCTION = YES;
				GCC_WARN_UNUSED_VARIABLE = YES;
				IPHONEOS_DEPLOYMENT_TARGET = 9.0;
				MTL_ENABLE_DEBUG_INFO = YES;
				ONLY_ACTIVE_ARCH = YES;
				PROVISIONING_PROFILE = "c2c45395-3de4-4ac5-852e-5f847fbb61bd";
				SDKROOT = iphoneos;
				SWIFT_OPTIMIZATION_LEVEL = "-Onone";
			};
			name = Beta;
		};
		A0F1AB661C12931C005AAAEC /* Beta */ = {
			isa = XCBuildConfiguration;
			baseConfigurationReference = A0F1AB6E1C12969B005AAAEC /* Stone-Beta.xcconfig */;
			buildSettings = {
				ASSETCATALOG_COMPILER_APPICON_NAME = AppIcon;
				CODE_SIGN_IDENTITY = "iPhone Distribution";
				FRAMEWORK_SEARCH_PATHS = (
					"$(inherited)",
					"$(PROJECT_DIR)/Carthage/Build/iOS",
				);
				INFOPLIST_FILE = Stone/Info.plist;
				LD_RUNPATH_SEARCH_PATHS = "$(inherited) @executable_path/Frameworks";
				PRODUCT_NAME = "$(TARGET_NAME)";
			};
			name = Beta;
		};
/* End XCBuildConfiguration section */

/* Begin XCConfigurationList section */
		A01D2E911BDDDB39004286A9 /* Build configuration list for PBXProject "Stone" */ = {
			isa = XCConfigurationList;
			buildConfigurations = (
				A01D2EA61BDDDB39004286A9 /* Debug */,
				A0F1AB651C12931C005AAAEC /* Beta */,
				A01D2EA71BDDDB39004286A9 /* Release */,
			);
			defaultConfigurationIsVisible = 0;
			defaultConfigurationName = Release;
		};
		A01D2EA81BDDDB39004286A9 /* Build configuration list for PBXNativeTarget "Stone" */ = {
			isa = XCConfigurationList;
			buildConfigurations = (
				A01D2EA91BDDDB39004286A9 /* Debug */,
				A0F1AB661C12931C005AAAEC /* Beta */,
				A01D2EAA1BDDDB39004286A9 /* Release */,
			);
			defaultConfigurationIsVisible = 0;
			defaultConfigurationName = Release;
		};
/* End XCConfigurationList section */
	};
	rootObject = A01D2E8E1BDDDB39004286A9 /* Project object */;
}
